
Microsoft Visual Studio Solution File, Format Version 12.00
# Visual Studio Version 17
VisualStudioVersion = 17.3.32922.545
MinimumVisualStudioVersion = 10.0.40219.1
Project("{FAE04EC0-301F-11D3-BF4B-00C04F79EFBC}") = "ProgrammingLanguageEnvironment", "ProgrammingLanguageEnvironment\ProgrammingLanguageEnvironment.csproj", "{ACCE6830-7A24-42C1-B40A-EADCA5ADC82E}"
EndProject
Project("{FAE04EC0-301F-11D3-BF4B-00C04F79EFBC}") = "ProgrammingLanguageEnvironmentTests", "ProgrammingLanguageEnvironmentTests\ProgrammingLanguageEnvironmentTests.csproj", "{3958A74E-9450-496F-8C30-FBE6B07F6A1A}"
EndProject
Global
	GlobalSection(SolutionConfigurationPlatforms) = preSolution
		Debug|Any CPU = Debug|Any CPU
		Release|Any CPU = Release|Any CPU
	EndGlobalSection
	GlobalSection(ProjectConfigurationPlatforms) = postSolution
		{ACCE6830-7A24-42C1-B40A-EADCA5ADC82E}.Debug|Any CPU.ActiveCfg = Debug|Any CPU
		{ACCE6830-7A24-42C1-B40A-EADCA5ADC82E}.Debug|Any CPU.Build.0 = Debug|Any CPU
		{ACCE6830-7A24-42C1-B40A-EADCA5ADC82E}.Release|Any CPU.ActiveCfg = Release|Any CPU
		{ACCE6830-7A24-42C1-B40A-EADCA5ADC82E}.Release|Any CPU.Build.0 = Release|Any CPU
		{3958A74E-9450-496F-8C30-FBE6B07F6A1A}.Debug|Any CPU.ActiveCfg = Debug|Any CPU
		{3958A74E-9450-496F-8C30-FBE6B07F6A1A}.Debug|Any CPU.Build.0 = Debug|Any CPU
		{3958A74E-9450-496F-8C30-FBE6B07F6A1A}.Release|Any CPU.ActiveCfg = Release|Any CPU
		{3958A74E-9450-496F-8C30-FBE6B07F6A1A}.Release|Any CPU.Build.0 = Release|Any CPU
	EndGlobalSection
	GlobalSection(SolutionProperties) = preSolution
		HideSolutionNode = FALSE
	EndGlobalSection
	GlobalSection(ExtensibilityGlobals) = postSolution
		SolutionGuid = {F63304BB-08CF-4015-8BEE-FA84154ACF0B}
	EndGlobalSection
EndGlobal
